
Microsoft Visual Studio Solution File, Format Version 12.00
# Visual Studio Version 17
VisualStudioVersion = 17.1.32421.90
MinimumVisualStudioVersion = 10.0.40219.1
Project("{FAE04EC0-301F-11D3-BF4B-00C04F79EFBC}") = "Game2048", "Game2048\Game2048.csproj", "{CC6F5BED-727A-4402-BFFF-967DC7D04608}"
EndProject
Project("{54435603-DBB4-11D2-8724-00A0C9A8B90C}") = "setup", "setup\setup.vdproj", "{0AD3D0EF-51DD-47B5-9332-ED1D2D63C602}"
EndProject
Global
	GlobalSection(SolutionConfigurationPlatforms) = preSolution
		Debug|Any CPU = Debug|Any CPU
		Release|Any CPU = Release|Any CPU
	EndGlobalSection
	GlobalSection(ProjectConfigurationPlatforms) = postSolution
		{CC6F5BED-727A-4402-BFFF-967DC7D04608}.Debug|Any CPU.ActiveCfg = Debug|Any CPU
		{CC6F5BED-727A-4402-BFFF-967DC7D04608}.Debug|Any CPU.Build.0 = Debug|Any CPU
		{CC6F5BED-727A-4402-BFFF-967DC7D04608}.Release|Any CPU.ActiveCfg = Release|Any CPU
		{CC6F5BED-727A-4402-BFFF-967DC7D04608}.Release|Any CPU.Build.0 = Release|Any CPU
		{0AD3D0EF-51DD-47B5-9332-ED1D2D63C602}.Debug|Any CPU.ActiveCfg = Debug
		{0AD3D0EF-51DD-47B5-9332-ED1D2D63C602}.Release|Any CPU.ActiveCfg = Release
	EndGlobalSection
	GlobalSection(SolutionProperties) = preSolution
		HideSolutionNode = FALSE
	EndGlobalSection
	GlobalSection(ExtensibilityGlobals) = postSolution
		SolutionGuid = {50F76D90-A3CC-4A80-B4F8-7DD6D79D1C3C}
	EndGlobalSection
EndGlobal
